// !$*UTF8*$!
{
	archiveVersion = 1;
	classes = {
	};
	objectVersion = 48;
	objects = {

/* Begin PBXBuildFile section */
		740E42B41F9C2EB10033D13A /* AppDelegate.swift in Sources */ = {isa = PBXBuildFile; fileRef = 740E42B31F9C2EB10033D13A /* AppDelegate.swift */; };
		740E42B61F9C2EB10033D13A /* ViewController.swift in Sources */ = {isa = PBXBuildFile; fileRef = 740E42B51F9C2EB10033D13A /* ViewController.swift */; };
		740E42B91F9C2EB10033D13A /* Main.storyboard in Resources */ = {isa = PBXBuildFile; fileRef = 740E42B71F9C2EB10033D13A /* Main.storyboard */; };
		740E42BB1F9C2EB10033D13A /* Assets.xcassets in Resources */ = {isa = PBXBuildFile; fileRef = 740E42BA1F9C2EB10033D13A /* Assets.xcassets */; };
		740E42BE1F9C2EB10033D13A /* LaunchScreen.storyboard in Resources */ = {isa = PBXBuildFile; fileRef = 740E42BC1F9C2EB10033D13A /* LaunchScreen.storyboard */; };
		740E42C91F9C2EB10033D13A /* DauzoGo_Tests.swift in Sources */ = {isa = PBXBuildFile; fileRef = 740E42C81F9C2EB10033D13A /* DauzoGo_Tests.swift */; };
		740E42D41F9C2EB10033D13A /* DauzoGo_UITests.swift in Sources */ = {isa = PBXBuildFile; fileRef = 740E42D31F9C2EB10033D13A /* DauzoGo_UITests.swift */; };
/* End PBXBuildFile section */

/* Begin PBXContainerItemProxy section */
		740E42C51F9C2EB10033D13A /* PBXContainerItemProxy */ = {
			isa = PBXContainerItemProxy;
			containerPortal = 740E42A81F9C2EB10033D13A /* Project object */;
			proxyType = 1;
			remoteGlobalIDString = 740E42AF1F9C2EB10033D13A;
			remoteInfo = "DauzoGo!";
		};
		740E42D01F9C2EB10033D13A /* PBXContainerItemProxy */ = {
			isa = PBXContainerItemProxy;
			containerPortal = 740E42A81F9C2EB10033D13A /* Project object */;
			proxyType = 1;
			remoteGlobalIDString = 740E42AF1F9C2EB10033D13A;
			remoteInfo = "DauzoGo!";
		};
/* End PBXContainerItemProxy section */

/* Begin PBXFileReference section */
		740E42B01F9C2EB10033D13A /* DauzoGo!.app */ = {isa = PBXFileReference; explicitFileType = wrapper.application; includeInIndex = 0; path = "DauzoGo!.app"; sourceTree = BUILT_PRODUCTS_DIR; };
		740E42B31F9C2EB10033D13A /* AppDelegate.swift */ = {isa = PBXFileReference; lastKnownFileType = sourcecode.swift; path = AppDelegate.swift; sourceTree = "<group>"; };
		740E42B51F9C2EB10033D13A /* ViewController.swift */ = {isa = PBXFileReference; lastKnownFileType = sourcecode.swift; path = ViewController.swift; sourceTree = "<group>"; };
		740E42B81F9C2EB10033D13A /* Base */ = {isa = PBXFileReference; lastKnownFileType = file.storyboard; name = Base; path = Base.lproj/Main.storyboard; sourceTree = "<group>"; };
		740E42BA1F9C2EB10033D13A /* Assets.xcassets */ = {isa = PBXFileReference; lastKnownFileType = folder.assetcatalog; path = Assets.xcassets; sourceTree = "<group>"; };
		740E42BD1F9C2EB10033D13A /* Base */ = {isa = PBXFileReference; lastKnownFileType = file.storyboard; name = Base; path = Base.lproj/LaunchScreen.storyboard; sourceTree = "<group>"; };
		740E42BF1F9C2EB10033D13A /* Info.plist */ = {isa = PBXFileReference; lastKnownFileType = text.plist.xml; path = Info.plist; sourceTree = "<group>"; };
		740E42C41F9C2EB10033D13A /* DauzoGo!Tests.xctest */ = {isa = PBXFileReference; explicitFileType = wrapper.cfbundle; includeInIndex = 0; path = "DauzoGo!Tests.xctest"; sourceTree = BUILT_PRODUCTS_DIR; };
		740E42C81F9C2EB10033D13A /* DauzoGo_Tests.swift */ = {isa = PBXFileReference; lastKnownFileType = sourcecode.swift; path = DauzoGo_Tests.swift; sourceTree = "<group>"; };
		740E42CA1F9C2EB10033D13A /* Info.plist */ = {isa = PBXFileReference; lastKnownFileType = text.plist.xml; path = Info.plist; sourceTree = "<group>"; };
		740E42CF1F9C2EB10033D13A /* DauzoGo!UITests.xctest */ = {isa = PBXFileReference; explicitFileType = wrapper.cfbundle; includeInIndex = 0; path = "DauzoGo!UITests.xctest"; sourceTree = BUILT_PRODUCTS_DIR; };
		740E42D31F9C2EB10033D13A /* DauzoGo_UITests.swift */ = {isa = PBXFileReference; lastKnownFileType = sourcecode.swift; path = DauzoGo_UITests.swift; sourceTree = "<group>"; };
		740E42D51F9C2EB10033D13A /* Info.plist */ = {isa = PBXFileReference; lastKnownFileType = text.plist.xml; path = Info.plist; sourceTree = "<group>"; };
/* End PBXFileReference section */

/* Begin PBXFrameworksBuildPhase section */
		740E42AD1F9C2EB10033D13A /* Frameworks */ = {
			isa = PBXFrameworksBuildPhase;
			buildActionMask = 2147483647;
			files = (
			);
			runOnlyForDeploymentPostprocessing = 0;
		};
		740E42C11F9C2EB10033D13A /* Frameworks */ = {
			isa = PBXFrameworksBuildPhase;
			buildActionMask = 2147483647;
			files = (
			);
			runOnlyForDeploymentPostprocessing = 0;
		};
		740E42CC1F9C2EB10033D13A /* Frameworks */ = {
			isa = PBXFrameworksBuildPhase;
			buildActionMask = 2147483647;
			files = (
			);
			runOnlyForDeploymentPostprocessing = 0;
		};
/* End PBXFrameworksBuildPhase section */

/* Begin PBXGroup section */
		740E42A71F9C2EB10033D13A = {
			isa = PBXGroup;
			children = (
				740E42B21F9C2EB10033D13A /* DauzoGo! */,
				740E42C71F9C2EB10033D13A /* DauzoGo!Tests */,
				740E42D21F9C2EB10033D13A /* DauzoGo!UITests */,
				740E42B11F9C2EB10033D13A /* Products */,
			);
			sourceTree = "<group>";
		};
		740E42B11F9C2EB10033D13A /* Products */ = {
			isa = PBXGroup;
			children = (
				740E42B01F9C2EB10033D13A /* DauzoGo!.app */,
				740E42C41F9C2EB10033D13A /* DauzoGo!Tests.xctest */,
				740E42CF1F9C2EB10033D13A /* DauzoGo!UITests.xctest */,
			);
			name = Products;
			sourceTree = "<group>";
		};
		740E42B21F9C2EB10033D13A /* DauzoGo! */ = {
			isa = PBXGroup;
			children = (
				740E42B31F9C2EB10033D13A /* AppDelegate.swift */,
				740E42B51F9C2EB10033D13A /* ViewController.swift */,
				740E42B71F9C2EB10033D13A /* Main.storyboard */,
				740E42BA1F9C2EB10033D13A /* Assets.xcassets */,
				740E42BC1F9C2EB10033D13A /* LaunchScreen.storyboard */,
				740E42BF1F9C2EB10033D13A /* Info.plist */,
			);
			path = "DauzoGo!";
			sourceTree = "<group>";
		};
		740E42C71F9C2EB10033D13A /* DauzoGo!Tests */ = {
			isa = PBXGroup;
			children = (
				740E42C81F9C2EB10033D13A /* DauzoGo_Tests.swift */,
				740E42CA1F9C2EB10033D13A /* Info.plist */,
			);
			path = "DauzoGo!Tests";
			sourceTree = "<group>";
		};
		740E42D21F9C2EB10033D13A /* DauzoGo!UITests */ = {
			isa = PBXGroup;
			children = (
				740E42D31F9C2EB10033D13A /* DauzoGo_UITests.swift */,
				740E42D51F9C2EB10033D13A /* Info.plist */,
			);
			path = "DauzoGo!UITests";
			sourceTree = "<group>";
		};
/* End PBXGroup section */

/* Begin PBXNativeTarget section */
		740E42AF1F9C2EB10033D13A /* DauzoGo! */ = {
			isa = PBXNativeTarget;
			buildConfigurationList = 740E42D81F9C2EB10033D13A /* Build configuration list for PBXNativeTarget "DauzoGo!" */;
			buildPhases = (
				740E42AC1F9C2EB10033D13A /* Sources */,
				740E42AD1F9C2EB10033D13A /* Frameworks */,
				740E42AE1F9C2EB10033D13A /* Resources */,
			);
			buildRules = (
			);
			dependencies = (
			);
			name = "DauzoGo!";
			productName = "DauzoGo!";
			productReference = 740E42B01F9C2EB10033D13A /* DauzoGo!.app */;
			productType = "com.apple.product-type.application";
		};
		740E42C31F9C2EB10033D13A /* DauzoGo!Tests */ = {
			isa = PBXNativeTarget;
			buildConfigurationList = 740E42DB1F9C2EB10033D13A /* Build configuration list for PBXNativeTarget "DauzoGo!Tests" */;
			buildPhases = (
				740E42C01F9C2EB10033D13A /* Sources */,
				740E42C11F9C2EB10033D13A /* Frameworks */,
				740E42C21F9C2EB10033D13A /* Resources */,
			);
			buildRules = (
			);
			dependencies = (
				740E42C61F9C2EB10033D13A /* PBXTargetDependency */,
			);
			name = "DauzoGo!Tests";
			productName = "DauzoGo!Tests";
			productReference = 740E42C41F9C2EB10033D13A /* DauzoGo!Tests.xctest */;
			productType = "com.apple.product-type.bundle.unit-test";
		};
		740E42CE1F9C2EB10033D13A /* DauzoGo!UITests */ = {
			isa = PBXNativeTarget;
			buildConfigurationList = 740E42DE1F9C2EB10033D13A /* Build configuration list for PBXNativeTarget "DauzoGo!UITests" */;
			buildPhases = (
				740E42CB1F9C2EB10033D13A /* Sources */,
				740E42CC1F9C2EB10033D13A /* Frameworks */,
				740E42CD1F9C2EB10033D13A /* Resources */,
			);
			buildRules = (
			);
			dependencies = (
				740E42D11F9C2EB10033D13A /* PBXTargetDependency */,
			);
			name = "DauzoGo!UITests";
			productName = "DauzoGo!UITests";
			productReference = 740E42CF1F9C2EB10033D13A /* DauzoGo!UITests.xctest */;
			productType = "com.apple.product-type.bundle.ui-testing";
		};
/* End PBXNativeTarget section */

/* Begin PBXProject section */
		740E42A81F9C2EB10033D13A /* Project object */ = {
			isa = PBXProject;
			attributes = {
				LastSwiftUpdateCheck = 0900;
				LastUpgradeCheck = 0900;
				ORGANIZATIONNAME = "satoshi yamada";
				TargetAttributes = {
					740E42AF1F9C2EB10033D13A = {
						CreatedOnToolsVersion = 9.0.1;
						ProvisioningStyle = Automatic;
					};
					740E42C31F9C2EB10033D13A = {
						CreatedOnToolsVersion = 9.0.1;
						ProvisioningStyle = Automatic;
						TestTargetID = 740E42AF1F9C2EB10033D13A;
					};
					740E42CE1F9C2EB10033D13A = {
						CreatedOnToolsVersion = 9.0.1;
						ProvisioningStyle = Automatic;
						TestTargetID = 740E42AF1F9C2EB10033D13A;
					};
				};
			};
			buildConfigurationList = 740E42AB1F9C2EB10033D13A /* Build configuration list for PBXProject "DauzoGo!" */;
			compatibilityVersion = "Xcode 8.0";
			developmentRegion = en;
			hasScannedForEncodings = 0;
			knownRegions = (
				en,
				Base,
			);
			mainGroup = 740E42A71F9C2EB10033D13A;
			productRefGroup = 740E42B11F9C2EB10033D13A /* Products */;
			projectDirPath = "";
			projectRoot = "";
			targets = (
				740E42AF1F9C2EB10033D13A /* DauzoGo! */,
				740E42C31F9C2EB10033D13A /* DauzoGo!Tests */,
				740E42CE1F9C2EB10033D13A /* DauzoGo!UITests */,
			);
		};
/* End PBXProject section */

/* Begin PBXResourcesBuildPhase section */
		740E42AE1F9C2EB10033D13A /* Resources */ = {
			isa = PBXResourcesBuildPhase;
			buildActionMask = 2147483647;
			files = (
				740E42BE1F9C2EB10033D13A /* LaunchScreen.storyboard in Resources */,
				740E42BB1F9C2EB10033D13A /* Assets.xcassets in Resources */,
				740E42B91F9C2EB10033D13A /* Main.storyboard in Resources */,
			);
			runOnlyForDeploymentPostprocessing = 0;
		};
		740E42C21F9C2EB10033D13A /* Resources */ = {
			isa = PBXResourcesBuildPhase;
			buildActionMask = 2147483647;
			files = (
			);
			runOnlyForDeploymentPostprocessing = 0;
		};
		740E42CD1F9C2EB10033D13A /* Resources */ = {
			isa = PBXResourcesBuildPhase;
			buildActionMask = 2147483647;
			files = (
			);
			runOnlyForDeploymentPostprocessing = 0;
		};
/* End PBXResourcesBuildPhase section */

/* Begin PBXSourcesBuildPhase section */
		740E42AC1F9C2EB10033D13A /* Sources */ = {
			isa = PBXSourcesBuildPhase;
			buildActionMask = 2147483647;
			files = (
				740E42B61F9C2EB10033D13A /* ViewController.swift in Sources */,
				740E42B41F9C2EB10033D13A /* AppDelegate.swift in Sources */,
			);
			runOnlyForDeploymentPostprocessing = 0;
		};
		740E42C01F9C2EB10033D13A /* Sources */ = {
			isa = PBXSourcesBuildPhase;
			buildActionMask = 2147483647;
			files = (
				740E42C91F9C2EB10033D13A /* DauzoGo_Tests.swift in Sources */,
			);
			runOnlyForDeploymentPostprocessing = 0;
		};
		740E42CB1F9C2EB10033D13A /* Sources */ = {
			isa = PBXSourcesBuildPhase;
			buildActionMask = 2147483647;
			files = (
				740E42D41F9C2EB10033D13A /* DauzoGo_UITests.swift in Sources */,
			);
			runOnlyForDeploymentPostprocessing = 0;
		};
/* End PBXSourcesBuildPhase section */

/* Begin PBXTargetDependency section */
		740E42C61F9C2EB10033D13A /* PBXTargetDependency */ = {
			isa = PBXTargetDependency;
			target = 740E42AF1F9C2EB10033D13A /* DauzoGo! */;
			targetProxy = 740E42C51F9C2EB10033D13A /* PBXContainerItemProxy */;
		};
		740E42D11F9C2EB10033D13A /* PBXTargetDependency */ = {
			isa = PBXTargetDependency;
			target = 740E42AF1F9C2EB10033D13A /* DauzoGo! */;
			targetProxy = 740E42D01F9C2EB10033D13A /* PBXContainerItemProxy */;
		};
/* End PBXTargetDependency section */

/* Begin PBXVariantGroup section */
		740E42B71F9C2EB10033D13A /* Main.storyboard */ = {
			isa = PBXVariantGroup;
			children = (
				740E42B81F9C2EB10033D13A /* Base */,
			);
			name = Main.storyboard;
			sourceTree = "<group>";
		};
		740E42BC1F9C2EB10033D13A /* LaunchScreen.storyboard */ = {
			isa = PBXVariantGroup;
			children = (
				740E42BD1F9C2EB10033D13A /* Base */,
			);
			name = LaunchScreen.storyboard;
			sourceTree = "<group>";
		};
/* End PBXVariantGroup section */

/* Begin XCBuildConfiguration section */
		740E42D61F9C2EB10033D13A /* Debug */ = {
			isa = XCBuildConfiguration;
			buildSettings = {
				ALWAYS_SEARCH_USER_PATHS = NO;
				CLANG_ANALYZER_NONNULL = YES;
				CLANG_ANALYZER_NUMBER_OBJECT_CONVERSION = YES_AGGRESSIVE;
				CLANG_CXX_LANGUAGE_STANDARD = "gnu++14";
				CLANG_CXX_LIBRARY = "libc++";
				CLANG_ENABLE_MODULES = YES;
				CLANG_ENABLE_OBJC_ARC = YES;
				CLANG_WARN_BLOCK_CAPTURE_AUTORELEASING = YES;
				CLANG_WARN_BOOL_CONVERSION = YES;
				CLANG_WARN_COMMA = YES;
				CLANG_WARN_CONSTANT_CONVERSION = YES;
				CLANG_WARN_DIRECT_OBJC_ISA_USAGE = YES_ERROR;
				CLANG_WARN_DOCUMENTATION_COMMENTS = YES;
				CLANG_WARN_EMPTY_BODY = YES;
				CLANG_WARN_ENUM_CONVERSION = YES;
				CLANG_WARN_INFINITE_RECURSION = YES;
				CLANG_WARN_INT_CONVERSION = YES;
				CLANG_WARN_NON_LITERAL_NULL_CONVERSION = YES;
				CLANG_WARN_OBJC_LITERAL_CONVERSION = YES;
				CLANG_WARN_OBJC_ROOT_CLASS = YES_ERROR;
				CLANG_WARN_RANGE_LOOP_ANALYSIS = YES;
				CLANG_WARN_STRICT_PROTOTYPES = YES;
				CLANG_WARN_SUSPICIOUS_MOVE = YES;
				CLANG_WARN_UNGUARDED_AVAILABILITY = YES_AGGRESSIVE;
				CLANG_WARN_UNREACHABLE_CODE = YES;
				CLANG_WARN__DUPLICATE_METHOD_MATCH = YES;
				CODE_SIGN_IDENTITY = "iPhone Developer";
				COPY_PHASE_STRIP = NO;
				DEBUG_INFORMATION_FORMAT = dwarf;
				ENABLE_STRICT_OBJC_MSGSEND = YES;
				ENABLE_TESTABILITY = YES;
				GCC_C_LANGUAGE_STANDARD = gnu11;
				GCC_DYNAMIC_NO_PIC = NO;
				GCC_NO_COMMON_BLOCKS = YES;
				GCC_OPTIMIZATION_LEVEL = 0;
				GCC_PREPROCESSOR_DEFINITIONS = (
					"DEBUG=1",
					"$(inherited)",
				);
				GCC_WARN_64_TO_32_BIT_CONVERSION = YES;
				GCC_WARN_ABOUT_RETURN_TYPE = YES_ERROR;
				GCC_WARN_UNDECLARED_SELECTOR = YES;
				GCC_WARN_UNINITIALIZED_AUTOS = YES_AGGRESSIVE;
				GCC_WARN_UNUSED_FUNCTION = YES;
				GCC_WARN_UNUSED_VARIABLE = YES;
				IPHONEOS_DEPLOYMENT_TARGET = 11.0;
				MTL_ENABLE_DEBUG_INFO = YES;
				ONLY_ACTIVE_ARCH = YES;
				SDKROOT = iphoneos;
				SWIFT_ACTIVE_COMPILATION_CONDITIONS = DEBUG;
				SWIFT_OPTIMIZATION_LEVEL = "-Onone";
			};
			name = Debug;
		};
		740E42D71F9C2EB10033D13A /* Release */ = {
			isa = XCBuildConfiguration;
			buildSettings = {
				ALWAYS_SEARCH_USER_PATHS = NO;
				CLANG_ANALYZER_NONNULL = YES;
				CLANG_ANALYZER_NUMBER_OBJECT_CONVERSION = YES_AGGRESSIVE;
				CLANG_CXX_LANGUAGE_STANDARD = "gnu++14";
				CLANG_CXX_LIBRARY = "libc++";
				CLANG_ENABLE_MODULES = YES;
				CLANG_ENABLE_OBJC_ARC = YES;
				CLANG_WARN_BLOCK_CAPTURE_AUTORELEASING = YES;
				CLANG_WARN_BOOL_CONVERSION = YES;
				CLANG_WARN_COMMA = YES;
				CLANG_WARN_CONSTANT_CONVERSION = YES;
				CLANG_WARN_DIRECT_OBJC_ISA_USAGE = YES_ERROR;
				CLANG_WARN_DOCUMENTATION_COMMENTS = YES;
				CLANG_WARN_EMPTY_BODY = YES;
				CLANG_WARN_ENUM_CONVERSION = YES;
				CLANG_WARN_INFINITE_RECURSION = YES;
				CLANG_WARN_INT_CONVERSION = YES;
				CLANG_WARN_NON_LITERAL_NULL_CONVERSION = YES;
				CLANG_WARN_OBJC_LITERAL_CONVERSION = YES;
				CLANG_WARN_OBJC_ROOT_CLASS = YES_ERROR;
				CLANG_WARN_RANGE_LOOP_ANALYSIS = YES;
				CLANG_WARN_STRICT_PROTOTYPES = YES;
				CLANG_WARN_SUSPICIOUS_MOVE = YES;
				CLANG_WARN_UNGUARDED_AVAILABILITY = YES_AGGRESSIVE;
				CLANG_WARN_UNREACHABLE_CODE = YES;
				CLANG_WARN__DUPLICATE_METHOD_MATCH = YES;
				CODE_SIGN_IDENTITY = "iPhone Developer";
				COPY_PHASE_STRIP = NO;
				DEBUG_INFORMATION_FORMAT = "dwarf-with-dsym";
				ENABLE_NS_ASSERTIONS = NO;
				ENABLE_STRICT_OBJC_MSGSEND = YES;
				GCC_C_LANGUAGE_STANDARD = gnu11;
				GCC_NO_COMMON_BLOCKS = YES;
				GCC_WARN_64_TO_32_BIT_CONVERSION = YES;
				GCC_WARN_ABOUT_RETURN_TYPE = YES_ERROR;
				GCC_WARN_UNDECLARED_SELECTOR = YES;
				GCC_WARN_UNINITIALIZED_AUTOS = YES_AGGRESSIVE;
				GCC_WARN_UNUSED_FUNCTION = YES;
				GCC_WARN_UNUSED_VARIABLE = YES;
				IPHONEOS_DEPLOYMENT_TARGET = 11.0;
				MTL_ENABLE_DEBUG_INFO = NO;
				SDKROOT = iphoneos;
				SWIFT_OPTIMIZATION_LEVEL = "-Owholemodule";
				VALIDATE_PRODUCT = YES;
			};
			name = Release;
		};
		740E42D91F9C2EB10033D13A /* Debug */ = {
			isa = XCBuildConfiguration;
			buildSettings = {
				ASSETCATALOG_COMPILER_APPICON_NAME = AppIcon;
				CODE_SIGN_STYLE = Automatic;
				INFOPLIST_FILE = "DauzoGo!/Info.plist";
				LD_RUNPATH_SEARCH_PATHS = "$(inherited) @executable_path/Frameworks";
				PRODUCT_BUNDLE_IDENTIFIER = "edu.self.DauzoGo-";
				PRODUCT_NAME = "$(TARGET_NAME)";
				SWIFT_VERSION = 4.0;
				TARGETED_DEVICE_FAMILY = "1,2";
			};
			name = Debug;
		};
		740E42DA1F9C2EB10033D13A /* Release */ = {
			isa = XCBuildConfiguration;
			buildSettings = {
				ASSETCATALOG_COMPILER_APPICON_NAME = AppIcon;
				CODE_SIGN_STYLE = Automatic;
				INFOPLIST_FILE = "DauzoGo!/Info.plist";
				LD_RUNPATH_SEARCH_PATHS = "$(inherited) @executable_path/Frameworks";
				PRODUCT_BUNDLE_IDENTIFIER = "edu.self.DauzoGo-";
				PRODUCT_NAME = "$(TARGET_NAME)";
				SWIFT_VERSION = 4.0;
				TARGETED_DEVICE_FAMILY = "1,2";
			};
			name = Release;
		};
		740E42DC1F9C2EB10033D13A /* Debug */ = {
			isa = XCBuildConfiguration;
			buildSettings = {
				ALWAYS_EMBED_SWIFT_STANDARD_LIBRARIES = YES;
				BUNDLE_LOADER = "$(TEST_HOST)";
				CODE_SIGN_STYLE = Automatic;
				INFOPLIST_FILE = "DauzoGo!Tests/Info.plist";
				LD_RUNPATH_SEARCH_PATHS = "$(inherited) @executable_path/Frameworks @loader_path/Frameworks";
				PRODUCT_BUNDLE_IDENTIFIER = "edu.self.DauzoGo-Tests";
				PRODUCT_NAME = "$(TARGET_NAME)";
				SWIFT_VERSION = 4.0;
				TARGETED_DEVICE_FAMILY = "1,2";
				TEST_HOST = "$(BUILT_PRODUCTS_DIR)/DauzoGo!.app/DauzoGo!";
			};
			name = Debug;
		};
		740E42DD1F9C2EB10033D13A /* Release */ = {
			isa = XCBuildConfiguration;
			buildSettings = {
				ALWAYS_EMBED_SWIFT_STANDARD_LIBRARIES = YES;
				BUNDLE_LOADER = "$(TEST_HOST)";
				CODE_SIGN_STYLE = Automatic;
				INFOPLIST_FILE = "DauzoGo!Tests/Info.plist";
				LD_RUNPATH_SEARCH_PATHS = "$(inherited) @executable_path/Frameworks @loader_path/Frameworks";
				PRODUCT_BUNDLE_IDENTIFIER = "edu.self.DauzoGo-Tests";
				PRODUCT_NAME = "$(TARGET_NAME)";
				SWIFT_VERSION = 4.0;
				TARGETED_DEVICE_FAMILY = "1,2";
				TEST_HOST = "$(BUILT_PRODUCTS_DIR)/DauzoGo!.app/DauzoGo!";
			};
			name = Release;
		};
		740E42DF1F9C2EB10033D13A /* Debug */ = {
			isa = XCBuildConfiguration;
			buildSettings = {
				ALWAYS_EMBED_SWIFT_STANDARD_LIBRARIES = YES;
				CODE_SIGN_STYLE = Automatic;
				INFOPLIST_FILE = "DauzoGo!UITests/Info.plist";
				LD_RUNPATH_SEARCH_PATHS = "$(inherited) @executable_path/Frameworks @loader_path/Frameworks";
				PRODUCT_BUNDLE_IDENTIFIER = "edu.self.DauzoGo-UITests";
				PRODUCT_NAME = "$(TARGET_NAME)";
				SWIFT_VERSION = 4.0;
				TARGETED_DEVICE_FAMILY = "1,2";
				TEST_TARGET_NAME = "DauzoGo!";
			};
			name = Debug;
		};
		740E42E01F9C2EB10033D13A /* Release */ = {
			isa = XCBuildConfiguration;
			buildSettings = {
				ALWAYS_EMBED_SWIFT_STANDARD_LIBRARIES = YES;
				CODE_SIGN_STYLE = Automatic;
				INFOPLIST_FILE = "DauzoGo!UITests/Info.plist";
				LD_RUNPATH_SEARCH_PATHS = "$(inherited) @executable_path/Frameworks @loader_path/Frameworks";
				PRODUCT_BUNDLE_IDENTIFIER = "edu.self.DauzoGo-UITests";
				PRODUCT_NAME = "$(TARGET_NAME)";
				SWIFT_VERSION = 4.0;
				TARGETED_DEVICE_FAMILY = "1,2";
				TEST_TARGET_NAME = "DauzoGo!";
			};
			name = Release;
		};
/* End XCBuildConfiguration section */

/* Begin XCConfigurationList section */
		740E42AB1F9C2EB10033D13A /* Build configuration list for PBXProject "DauzoGo!" */ = {
			isa = XCConfigurationList;
			buildConfigurations = (
				740E42D61F9C2EB10033D13A /* Debug */,
				740E42D71F9C2EB10033D13A /* Release */,
			);
			defaultConfigurationIsVisible = 0;
			defaultConfigurationName = Release;
		};
		740E42D81F9C2EB10033D13A /* Build configuration list for PBXNativeTarget "DauzoGo!" */ = {
			isa = XCConfigurationList;
			buildConfigurations = (
				740E42D91F9C2EB10033D13A /* Debug */,
				740E42DA1F9C2EB10033D13A /* Release */,
			);
			defaultConfigurationIsVisible = 0;
			defaultConfigurationName = Release;
		};
		740E42DB1F9C2EB10033D13A /* Build configuration list for PBXNativeTarget "DauzoGo!Tests" */ = {
			isa = XCConfigurationList;
			buildConfigurations = (
				740E42DC1F9C2EB10033D13A /* Debug */,
				740E42DD1F9C2EB10033D13A /* Release */,
			);
			defaultConfigurationIsVisible = 0;
			defaultConfigurationName = Release;
		};
		740E42DE1F9C2EB10033D13A /* Build configuration list for PBXNativeTarget "DauzoGo!UITests" */ = {
			isa = XCConfigurationList;
			buildConfigurations = (
				740E42DF1F9C2EB10033D13A /* Debug */,
				740E42E01F9C2EB10033D13A /* Release */,
			);
			defaultConfigurationIsVisible = 0;
			defaultConfigurationName = Release;
		};
/* End XCConfigurationList section */
	};
	rootObject = 740E42A81F9C2EB10033D13A /* Project object */;
}
